<?xml version="1.0" encoding="UTF-8"?>
<Scheme
   LastUpgradeVersion = "0630"
   version = "1.3">
   <BuildAction
      parallelizeBuildables = "YES"
      buildImplicitDependencies = "YES">
      <BuildActionEntries>
         <BuildActionEntry
            buildForTesting = "YES"
            buildForRunning = "YES"
            buildForProfiling = "YES"
            buildForArchiving = "YES"
            buildForAnalyzing = "YES">
            <BuildableReference
               BuildableIdentifier = "primary"
               BlueprintIdentifier = "219B06271B1272E100A1334B"
               BuildableName = "WatchPageNavigation WatchKit App.app"
               BlueprintName = "WatchPageNavigation WatchKit App"
               ReferencedContainer = "container:WatchPageNavigation.xcodeproj">
            </BuildableReference>
         </BuildActionEntry>
         <BuildActionEntry
            buildForTesting = "YES"
            buildForRunning = "YES"
            buildForProfiling = "YES"
            buildForArchiving = "YES"
            buildForAnalyzing = "YES">
            <BuildableReference
               BuildableIdentifier = "primary"
               BlueprintIdentifier = "219B05F11B1272D300A1334B"
               BuildableName = "WatchPageNavigation.app"
               BlueprintName = "WatchPageNavigation"
               ReferencedContainer = "container:WatchPageNavigation.xcodeproj">
            </BuildableReference>
         </BuildActionEntry>
         <BuildActionEntry
            buildForTesting = "YES"
            buildForRunning = "YES"
            buildForProfiling = "YES"
            buildForArchiving = "YES"
            buildForAnalyzing = "YES">
            <BuildableReference
               BuildableIdentifier = "primary"
               BlueprintIdentifier = "219B061A1B1272E100A1334B"
               BuildableName = "WatchPageNavigation WatchKit Extension.appex"
               BlueprintName = "WatchPageNavigation WatchKit Extension"
               ReferencedContainer = "container:WatchPageNavigation.xcodeproj">
            </BuildableReference>
         </BuildActionEntry>
      </BuildActionEntries>
   </BuildAction>
   <TestAction
      selectedDebuggerIdentifier = "Xcode.DebuggerFoundation.Debugger.LLDB"
      selectedLauncherIdentifier = "Xcode.DebuggerFoundation.Launcher.LLDB"
      shouldUseLaunchSchemeArgsEnv = "YES"
      buildConfiguration = "Debug">
      <Testables>
      </Testables>
      <MacroExpansion>
         <BuildableReference
            BuildableIdentifier = "primary"
            BlueprintIdentifier = "219B06271B1272E100A1334B"
            BuildableName = "WatchPageNavigation WatchKit App.app"
            BlueprintName = "WatchPageNavigation WatchKit App"
            ReferencedContainer = "container:WatchPageNavigation.xcodeproj">
         </BuildableReference>
      </MacroExpansion>
   </TestAction>
   <LaunchAction
      selectedDebuggerIdentifier = "Xcode.DebuggerFoundation.Debugger.LLDB"
      selectedLauncherIdentifier = "Xcode.DebuggerFoundation.Launcher.LLDB"
      launchStyle = "0"
      useCustomWorkingDirectory = "NO"
      buildConfiguration = "Debug"
      ignoresPersistentStateOnLaunch = "NO"
      debugDocumentVersioning = "YES"
      allowLocationSimulation = "YES">
      <RemoteRunnable
         runnableDebuggingMode = "2"
         BundleIdentifier = "com.apple.springboard"
         RemotePath = "/WatchPageNavigation">
         <BuildableReference
            BuildableIdentifier = "primary"
            BlueprintIdentifier = "219B06271B1272E100A1334B"
            BuildableName = "WatchPageNavigation WatchKit App.app"
            BlueprintName = "WatchPageNavigation WatchKit App"
            ReferencedContainer = "container:WatchPageNavigation.xcodeproj">
         </BuildableReference>
      </RemoteRunnable>
      <MacroExpansion>
         <BuildableReference
            BuildableIdentifier = "primary"
            BlueprintIdentifier = "219B06271B1272E100A1334B"
            BuildableName = "WatchPageNavigation WatchKit App.app"
            BlueprintName = "WatchPageNavigation WatchKit App"
            ReferencedContainer = "container:WatchPageNavigation.xcodeproj">
         </BuildableReference>
      </MacroExpansion>
      <AdditionalOptions>
      </AdditionalOptions>
   </LaunchAction>
   <ProfileAction
      shouldUseLaunchSchemeArgsEnv = "YES"
      savedToolIdentifier = ""
      useCustomWorkingDirectory = "NO"
      buildConfiguration = "Release"
      debugDocumentVersioning = "YES">
      <RemoteRunnable
         runnableDebuggingMode = "2"
         BundleIdentifier = "com.apple.springboard"
         RemotePath = "/WatchPageNavigation">
         <BuildableReference
            BuildableIdentifier = "primary"
            BlueprintIdentifier = "219B06271B1272E100A1334B"
            BuildableName = "WatchPageNavigation WatchKit App.app"
            BlueprintName = "WatchPageNavigation WatchKit App"
            ReferencedContainer = "container:WatchPageNavigation.xcodeproj">
         </BuildableReference>
      </RemoteRunnable>
      <MacroExpansion>
         <BuildableReference
            BuildableIdentifier = "primary"
            BlueprintIdentifier = "219B06271B1272E100A1334B"
            BuildableName = "WatchPageNavigation WatchKit App.app"
            BlueprintName = "WatchPageNavigation WatchKit App"
            ReferencedContainer = "container:WatchPageNavigation.xcodeproj">
         </BuildableReference>
      </MacroExpansion>
   </ProfileAction>
   <AnalyzeAction
      buildConfiguration = "Debug">
   </AnalyzeAction>
   <ArchiveAction
      buildConfiguration = "Release"
      revealArchiveInOrganizer = "YES">
   </ArchiveAction>
</Scheme>
